
Microsoft Visual Studio Solution File, Format Version 12.00
Project("{F184B08F-C81C-45F6-A57F-5ABD9991F28F}") = "Engine", "Engine\Engine.vbproj", "{8642B109-725C-44F8-8FEB-2F2CB3036F9C}"
EndProject
Project("{F184B08F-C81C-45F6-A57F-5ABD9991F28F}") = "TestForm", "TestForm\TestForm.vbproj", "{54585183-B3A5-47ED-86FC-39D70DE8F947}"
EndProject
Global
	GlobalSection(SolutionConfigurationPlatforms) = preSolution
		Debug|Any CPU = Debug|Any CPU
		Release|Any CPU = Release|Any CPU
	EndGlobalSection
	GlobalSection(ProjectConfigurationPlatforms) = postSolution
		{8642B109-725C-44F8-8FEB-2F2CB3036F9C}.Debug|Any CPU.ActiveCfg = Debug|Any CPU
		{8642B109-725C-44F8-8FEB-2F2CB3036F9C}.Debug|Any CPU.Build.0 = Debug|Any CPU
		{8642B109-725C-44F8-8FEB-2F2CB3036F9C}.Release|Any CPU.ActiveCfg = Release|Any CPU
		{8642B109-725C-44F8-8FEB-2F2CB3036F9C}.Release|Any CPU.Build.0 = Release|Any CPU
		{54585183-B3A5-47ED-86FC-39D70DE8F947}.Debug|Any CPU.ActiveCfg = Debug|Any CPU
		{54585183-B3A5-47ED-86FC-39D70DE8F947}.Debug|Any CPU.Build.0 = Debug|Any CPU
		{54585183-B3A5-47ED-86FC-39D70DE8F947}.Release|Any CPU.ActiveCfg = Release|Any CPU
		{54585183-B3A5-47ED-86FC-39D70DE8F947}.Release|Any CPU.Build.0 = Release|Any CPU
	EndGlobalSection
EndGlobal
